// !$*UTF8*$!
{
	archiveVersion = 1;
	classes = {
	};
	objectVersion = 46;
	objects = {

/* Begin PBXBuildFile section */
		519DAC3C1A70A34DE795B4E0 /* libPods-JLLogEncodingUITests.a in Frameworks */ = {isa = PBXBuildFile; fileRef = F897606BA253A060EE9703D1 /* libPods-JLLogEncodingUITests.a */; };
		C64C2988290EED6C4FBD6344 /* libPods-JLLogEncodingTests.a in Frameworks */ = {isa = PBXBuildFile; fileRef = 5620DBAD8ECD977E88E89955 /* libPods-JLLogEncodingTests.a */; };
		CB4D7287F6287EC6247FF031 /* libPods-JLLogEncoding.a in Frameworks */ = {isa = PBXBuildFile; fileRef = BBCF75517927DE69B562641F /* libPods-JLLogEncoding.a */; };
		CE0750E31E824A810040EF1C /* NSObject+logVarMethod.m in Sources */ = {isa = PBXBuildFile; fileRef = CE0750E21E824A810040EF1C /* NSObject+logVarMethod.m */; };
		DB3E200B1DFEA89F00B873AB /* main.m in Sources */ = {isa = PBXBuildFile; fileRef = DB3E200A1DFEA89F00B873AB /* main.m */; };
		DB3E200E1DFEA89F00B873AB /* AppDelegate.m in Sources */ = {isa = PBXBuildFile; fileRef = DB3E200D1DFEA89F00B873AB /* AppDelegate.m */; };
		DB3E20111DFEA89F00B873AB /* ViewController.m in Sources */ = {isa = PBXBuildFile; fileRef = DB3E20101DFEA89F00B873AB /* ViewController.m */; };
		DB3E20141DFEA89F00B873AB /* Main.storyboard in Resources */ = {isa = PBXBuildFile; fileRef = DB3E20121DFEA89F00B873AB /* Main.storyboard */; };
		DB3E20161DFEA89F00B873AB /* Assets.xcassets in Resources */ = {isa = PBXBuildFile; fileRef = DB3E20151DFEA89F00B873AB /* Assets.xcassets */; };
		DB3E20191DFEA89F00B873AB /* LaunchScreen.storyboard in Resources */ = {isa = PBXBuildFile; fileRef = DB3E20171DFEA89F00B873AB /* LaunchScreen.storyboard */; };
		DB3E20241DFEA89F00B873AB /* JLLogEncodingTests.m in Sources */ = {isa = PBXBuildFile; fileRef = DB3E20231DFEA89F00B873AB /* JLLogEncodingTests.m */; };
		DB3E202F1DFEA89F00B873AB /* JLLogEncodingUITests.m in Sources */ = {isa = PBXBuildFile; fileRef = DB3E202E1DFEA89F00B873AB /* JLLogEncodingUITests.m */; };
		DB3E203F1DFEA8BF00B873AB /* NSDictionary+extension.m in Sources */ = {isa = PBXBuildFile; fileRef = DB3E203E1DFEA8BF00B873AB /* NSDictionary+extension.m */; };
		DB3E20421DFEB87B00B873AB /* NSArray+extension.m in Sources */ = {isa = PBXBuildFile; fileRef = DB3E20411DFEB87B00B873AB /* NSArray+extension.m */; };
/* End PBXBuildFile section */

/* Begin PBXContainerItemProxy section */
		DB3E20201DFEA89F00B873AB /* PBXContainerItemProxy */ = {
			isa = PBXContainerItemProxy;
			containerPortal = DB3E1FFE1DFEA89F00B873AB /* Project object */;
			proxyType = 1;
			remoteGlobalIDString = DB3E20051DFEA89F00B873AB;
			remoteInfo = JLLogEncoding;
		};
		DB3E202B1DFEA89F00B873AB /* PBXContainerItemProxy */ = {
			isa = PBXContainerItemProxy;
			containerPortal = DB3E1FFE1DFEA89F00B873AB /* Project object */;
			proxyType = 1;
			remoteGlobalIDString = DB3E20051DFEA89F00B873AB;
			remoteInfo = JLLogEncoding;
		};
/* End PBXContainerItemProxy section */

/* Begin PBXFileReference section */
		17A6F6EADE93B90075C07717 /* Pods-JLLogEncodingUITests.release.xcconfig */ = {isa = PBXFileReference; includeInIndex = 1; lastKnownFileType = text.xcconfig; name = "Pods-JLLogEncodingUITests.release.xcconfig"; path = "Pods/Target Support Files/Pods-JLLogEncodingUITests/Pods-JLLogEncodingUITests.release.xcconfig"; sourceTree = "<group>"; };
		3E643525F306080BB30C3308 /* Pods-JLLogEncodingTests.release.xcconfig */ = {isa = PBXFileReference; includeInIndex = 1; lastKnownFileType = text.xcconfig; name = "Pods-JLLogEncodingTests.release.xcconfig"; path = "Pods/Target Support Files/Pods-JLLogEncodingTests/Pods-JLLogEncodingTests.release.xcconfig"; sourceTree = "<group>"; };
		4DF017D246BE1D44B515040E /* Pods-JLLogEncodingUITests.debug.xcconfig */ = {isa = PBXFileReference; includeInIndex = 1; lastKnownFileType = text.xcconfig; name = "Pods-JLLogEncodingUITests.debug.xcconfig"; path = "Pods/Target Support Files/Pods-JLLogEncodingUITests/Pods-JLLogEncodingUITests.debug.xcconfig"; sourceTree = "<group>"; };
		5620DBAD8ECD977E88E89955 /* libPods-JLLogEncodingTests.a */ = {isa = PBXFileReference; explicitFileType = archive.ar; includeInIndex = 0; path = "libPods-JLLogEncodingTests.a"; sourceTree = BUILT_PRODUCTS_DIR; };
		BBCF75517927DE69B562641F /* libPods-JLLogEncoding.a */ = {isa = PBXFileReference; explicitFileType = archive.ar; includeInIndex = 0; path = "libPods-JLLogEncoding.a"; sourceTree = BUILT_PRODUCTS_DIR; };
		C4AC1550BCC193C083F55631 /* Pods-JLLogEncoding.debug.xcconfig */ = {isa = PBXFileReference; includeInIndex = 1; lastKnownFileType = text.xcconfig; name = "Pods-JLLogEncoding.debug.xcconfig"; path = "Pods/Target Support Files/Pods-JLLogEncoding/Pods-JLLogEncoding.debug.xcconfig"; sourceTree = "<group>"; };
		CE0750E11E824A810040EF1C /* NSObject+logVarMethod.h */ = {isa = PBXFileReference; fileEncoding = 4; lastKnownFileType = sourcecode.c.h; path = "NSObject+logVarMethod.h"; sourceTree = "<group>"; };
		CE0750E21E824A810040EF1C /* NSObject+logVarMethod.m */ = {isa = PBXFileReference; fileEncoding = 4; lastKnownFileType = sourcecode.c.objc; path = "NSObject+logVarMethod.m"; sourceTree = "<group>"; };
		DB3E20061DFEA89F00B873AB /* JLLogEncoding.app */ = {isa = PBXFileReference; explicitFileType = wrapper.application; includeInIndex = 0; path = JLLogEncoding.app; sourceTree = BUILT_PRODUCTS_DIR; };
		DB3E200A1DFEA89F00B873AB /* main.m */ = {isa = PBXFileReference; lastKnownFileType = sourcecode.c.objc; path = main.m; sourceTree = "<group>"; };
		DB3E200C1DFEA89F00B873AB /* AppDelegate.h */ = {isa = PBXFileReference; lastKnownFileType = sourcecode.c.h; path = AppDelegate.h; sourceTree = "<group>"; };
		DB3E200D1DFEA89F00B873AB /* AppDelegate.m */ = {isa = PBXFileReference; lastKnownFileType = sourcecode.c.objc; path = AppDelegate.m; sourceTree = "<group>"; };
		DB3E200F1DFEA89F00B873AB /* ViewController.h */ = {isa = PBXFileReference; lastKnownFileType = sourcecode.c.h; path = ViewController.h; sourceTree = "<group>"; };
		DB3E20101DFEA89F00B873AB /* ViewController.m */ = {isa = PBXFileReference; lastKnownFileType = sourcecode.c.objc; path = ViewController.m; sourceTree = "<group>"; };
		DB3E20131DFEA89F00B873AB /* Base */ = {isa = PBXFileReference; lastKnownFileType = file.storyboard; name = Base; path = Base.lproj/Main.storyboard; sourceTree = "<group>"; };
		DB3E20151DFEA89F00B873AB /* Assets.xcassets */ = {isa = PBXFileReference; lastKnownFileType = folder.assetcatalog; path = Assets.xcassets; sourceTree = "<group>"; };
		DB3E20181DFEA89F00B873AB /* Base */ = {isa = PBXFileReference; lastKnownFileType = file.storyboard; name = Base; path = Base.lproj/LaunchScreen.storyboard; sourceTree = "<group>"; };
		DB3E201A1DFEA89F00B873AB /* Info.plist */ = {isa = PBXFileReference; lastKnownFileType = text.plist.xml; path = Info.plist; sourceTree = "<group>"; };
		DB3E201F1DFEA89F00B873AB /* JLLogEncodingTests.xctest */ = {isa = PBXFileReference; explicitFileType = wrapper.cfbundle; includeInIndex = 0; path = JLLogEncodingTests.xctest; sourceTree = BUILT_PRODUCTS_DIR; };
		DB3E20231DFEA89F00B873AB /* JLLogEncodingTests.m */ = {isa = PBXFileReference; lastKnownFileType = sourcecode.c.objc; path = JLLogEncodingTests.m; sourceTree = "<group>"; };
		DB3E20251DFEA89F00B873AB /* Info.plist */ = {isa = PBXFileReference; lastKnownFileType = text.plist.xml; path = Info.plist; sourceTree = "<group>"; };
		DB3E202A1DFEA89F00B873AB /* JLLogEncodingUITests.xctest */ = {isa = PBXFileReference; explicitFileType = wrapper.cfbundle; includeInIndex = 0; path = JLLogEncodingUITests.xctest; sourceTree = BUILT_PRODUCTS_DIR; };
		DB3E202E1DFEA89F00B873AB /* JLLogEncodingUITests.m */ = {isa = PBXFileReference; lastKnownFileType = sourcecode.c.objc; path = JLLogEncodingUITests.m; sourceTree = "<group>"; };
		DB3E20301DFEA89F00B873AB /* Info.plist */ = {isa = PBXFileReference; lastKnownFileType = text.plist.xml; path = Info.plist; sourceTree = "<group>"; };
		DB3E203D1DFEA8BF00B873AB /* NSDictionary+extension.h */ = {isa = PBXFileReference; fileEncoding = 4; lastKnownFileType = sourcecode.c.h; path = "NSDictionary+extension.h"; sourceTree = "<group>"; };
		DB3E203E1DFEA8BF00B873AB /* NSDictionary+extension.m */ = {isa = PBXFileReference; fileEncoding = 4; lastKnownFileType = sourcecode.c.objc; path = "NSDictionary+extension.m"; sourceTree = "<group>"; };
		DB3E20401DFEB87B00B873AB /* NSArray+extension.h */ = {isa = PBXFileReference; fileEncoding = 4; lastKnownFileType = sourcecode.c.h; path = "NSArray+extension.h"; sourceTree = "<group>"; };
		DB3E20411DFEB87B00B873AB /* NSArray+extension.m */ = {isa = PBXFileReference; fileEncoding = 4; lastKnownFileType = sourcecode.c.objc; path = "NSArray+extension.m"; sourceTree = "<group>"; };
		E492FA3EEE68CA645F4BE209 /* Pods-JLLogEncodingTests.debug.xcconfig */ = {isa = PBXFileReference; includeInIndex = 1; lastKnownFileType = text.xcconfig; name = "Pods-JLLogEncodingTests.debug.xcconfig"; path = "Pods/Target Support Files/Pods-JLLogEncodingTests/Pods-JLLogEncodingTests.debug.xcconfig"; sourceTree = "<group>"; };
		F80C410769FD5BCD7A786058 /* Pods-JLLogEncoding.release.xcconfig */ = {isa = PBXFileReference; includeInIndex = 1; lastKnownFileType = text.xcconfig; name = "Pods-JLLogEncoding.release.xcconfig"; path = "Pods/Target Support Files/Pods-JLLogEncoding/Pods-JLLogEncoding.release.xcconfig"; sourceTree = "<group>"; };
		F897606BA253A060EE9703D1 /* libPods-JLLogEncodingUITests.a */ = {isa = PBXFileReference; explicitFileType = archive.ar; includeInIndex = 0; path = "libPods-JLLogEncodingUITests.a"; sourceTree = BUILT_PRODUCTS_DIR; };
/* End PBXFileReference section */

/* Begin PBXFrameworksBuildPhase section */
		DB3E20031DFEA89F00B873AB /* Frameworks */ = {
			isa = PBXFrameworksBuildPhase;
			buildActionMask = 2147483647;
			files = (
				CB4D7287F6287EC6247FF031 /* libPods-JLLogEncoding.a in Frameworks */,
			);
			runOnlyForDeploymentPostprocessing = 0;
		};
		DB3E201C1DFEA89F00B873AB /* Frameworks */ = {
			isa = PBXFrameworksBuildPhase;
			buildActionMask = 2147483647;
			files = (
				C64C2988290EED6C4FBD6344 /* libPods-JLLogEncodingTests.a in Frameworks */,
			);
			runOnlyForDeploymentPostprocessing = 0;
		};
		DB3E20271DFEA89F00B873AB /* Frameworks */ = {
			isa = PBXFrameworksBuildPhase;
			buildActionMask = 2147483647;
			files = (
				519DAC3C1A70A34DE795B4E0 /* libPods-JLLogEncodingUITests.a in Frameworks */,
			);
			runOnlyForDeploymentPostprocessing = 0;
		};
/* End PBXFrameworksBuildPhase section */

/* Begin PBXGroup section */
		0A624FD01F891245002EE0B7 /* JLLogEncoding */ = {
			isa = PBXGroup;
			children = (
				DB3E203D1DFEA8BF00B873AB /* NSDictionary+extension.h */,
				DB3E203E1DFEA8BF00B873AB /* NSDictionary+extension.m */,
				DB3E20401DFEB87B00B873AB /* NSArray+extension.h */,
				DB3E20411DFEB87B00B873AB /* NSArray+extension.m */,
			);
			path = JLLogEncoding;
			sourceTree = "<group>";
		};
		24A736F0F2225F406CC5AE88 /* Frameworks */ = {
			isa = PBXGroup;
			children = (
				BBCF75517927DE69B562641F /* libPods-JLLogEncoding.a */,
				5620DBAD8ECD977E88E89955 /* libPods-JLLogEncodingTests.a */,
				F897606BA253A060EE9703D1 /* libPods-JLLogEncodingUITests.a */,
			);
			name = Frameworks;
			sourceTree = "<group>";
		};
		34006244C953A04EDD9D8714 /* Pods */ = {
			isa = PBXGroup;
			children = (
				C4AC1550BCC193C083F55631 /* Pods-JLLogEncoding.debug.xcconfig */,
				F80C410769FD5BCD7A786058 /* Pods-JLLogEncoding.release.xcconfig */,
				E492FA3EEE68CA645F4BE209 /* Pods-JLLogEncodingTests.debug.xcconfig */,
				3E643525F306080BB30C3308 /* Pods-JLLogEncodingTests.release.xcconfig */,
				4DF017D246BE1D44B515040E /* Pods-JLLogEncodingUITests.debug.xcconfig */,
				17A6F6EADE93B90075C07717 /* Pods-JLLogEncodingUITests.release.xcconfig */,
			);
			name = Pods;
			sourceTree = "<group>";
		};
		CE0750E01E824A810040EF1C /* RuntimeLog */ = {
			isa = PBXGroup;
			children = (
				CE0750E11E824A810040EF1C /* NSObject+logVarMethod.h */,
				CE0750E21E824A810040EF1C /* NSObject+logVarMethod.m */,
			);
			path = RuntimeLog;
			sourceTree = "<group>";
		};
		DB3E1FFD1DFEA89F00B873AB = {
			isa = PBXGroup;
			children = (
				DB3E20081DFEA89F00B873AB /* JLLogEncoding */,
				DB3E20221DFEA89F00B873AB /* JLLogEncodingTests */,
				DB3E202D1DFEA89F00B873AB /* JLLogEncodingUITests */,
				DB3E20071DFEA89F00B873AB /* Products */,
				34006244C953A04EDD9D8714 /* Pods */,
				24A736F0F2225F406CC5AE88 /* Frameworks */,
			);
			sourceTree = "<group>";
		};
		DB3E20071DFEA89F00B873AB /* Products */ = {
			isa = PBXGroup;
			children = (
				DB3E20061DFEA89F00B873AB /* JLLogEncoding.app */,
				DB3E201F1DFEA89F00B873AB /* JLLogEncodingTests.xctest */,
				DB3E202A1DFEA89F00B873AB /* JLLogEncodingUITests.xctest */,
			);
			name = Products;
			sourceTree = "<group>";
		};
		DB3E20081DFEA89F00B873AB /* JLLogEncoding */ = {
			isa = PBXGroup;
			children = (
				0A624FD01F891245002EE0B7 /* JLLogEncoding */,
				CE0750E01E824A810040EF1C /* RuntimeLog */,
				DB3E200C1DFEA89F00B873AB /* AppDelegate.h */,
				DB3E200D1DFEA89F00B873AB /* AppDelegate.m */,
				DB3E200F1DFEA89F00B873AB /* ViewController.h */,
				DB3E20101DFEA89F00B873AB /* ViewController.m */,
				DB3E20121DFEA89F00B873AB /* Main.storyboard */,
				DB3E20151DFEA89F00B873AB /* Assets.xcassets */,
				DB3E20171DFEA89F00B873AB /* LaunchScreen.storyboard */,
				DB3E201A1DFEA89F00B873AB /* Info.plist */,
				DB3E20091DFEA89F00B873AB /* Supporting Files */,
			);
			path = JLLogEncoding;
			sourceTree = "<group>";
		};
		DB3E20091DFEA89F00B873AB /* Supporting Files */ = {
			isa = PBXGroup;
			children = (
				DB3E200A1DFEA89F00B873AB /* main.m */,
			);
			name = "Supporting Files";
			sourceTree = "<group>";
		};
		DB3E20221DFEA89F00B873AB /* JLLogEncodingTests */ = {
			isa = PBXGroup;
			children = (
				DB3E20231DFEA89F00B873AB /* JLLogEncodingTests.m */,
				DB3E20251DFEA89F00B873AB /* Info.plist */,
			);
			path = JLLogEncodingTests;
			sourceTree = "<group>";
		};
		DB3E202D1DFEA89F00B873AB /* JLLogEncodingUITests */ = {
			isa = PBXGroup;
			children = (
				DB3E202E1DFEA89F00B873AB /* JLLogEncodingUITests.m */,
				DB3E20301DFEA89F00B873AB /* Info.plist */,
			);
			path = JLLogEncodingUITests;
			sourceTree = "<group>";
		};
/* End PBXGroup section */

/* Begin PBXNativeTarget section */
		DB3E20051DFEA89F00B873AB /* JLLogEncoding */ = {
			isa = PBXNativeTarget;
			buildConfigurationList = DB3E20331DFEA89F00B873AB /* Build configuration list for PBXNativeTarget "JLLogEncoding" */;
			buildPhases = (
				FE234662830F390022A8DE03 /* [CP] Check Pods Manifest.lock */,
				DB3E20021DFEA89F00B873AB /* Sources */,
				DB3E20031DFEA89F00B873AB /* Frameworks */,
				DB3E20041DFEA89F00B873AB /* Resources */,
				C0410393A21EC04B693798CB /* [CP] Embed Pods Frameworks */,
				6400935BDA187A677B16E8F4 /* [CP] Copy Pods Resources */,
			);
			buildRules = (
			);
			dependencies = (
			);
			name = JLLogEncoding;
			productName = JLLogEncoding;
			productReference = DB3E20061DFEA89F00B873AB /* JLLogEncoding.app */;
			productType = "com.apple.product-type.application";
		};
		DB3E201E1DFEA89F00B873AB /* JLLogEncodingTests */ = {
			isa = PBXNativeTarget;
			buildConfigurationList = DB3E20361DFEA89F00B873AB /* Build configuration list for PBXNativeTarget "JLLogEncodingTests" */;
			buildPhases = (
				9CB0FE062FA009D68E5914CA /* [CP] Check Pods Manifest.lock */,
				DB3E201B1DFEA89F00B873AB /* Sources */,
				DB3E201C1DFEA89F00B873AB /* Frameworks */,
				DB3E201D1DFEA89F00B873AB /* Resources */,
				5545C269FBAB96A24C149679 /* [CP] Embed Pods Frameworks */,
				373140D5D6B34EA2CE6C935F /* [CP] Copy Pods Resources */,
			);
			buildRules = (
			);
			dependencies = (
				DB3E20211DFEA89F00B873AB /* PBXTargetDependency */,
			);
			name = JLLogEncodingTests;
			productName = JLLogEncodingTests;
			productReference = DB3E201F1DFEA89F00B873AB /* JLLogEncodingTests.xctest */;
			productType = "com.apple.product-type.bundle.unit-test";
		};
		DB3E20291DFEA89F00B873AB /* JLLogEncodingUITests */ = {
			isa = PBXNativeTarget;
			buildConfigurationList = DB3E20391DFEA89F00B873AB /* Build configuration list for PBXNativeTarget "JLLogEncodingUITests" */;
			buildPhases = (
				62C18346E8912637EFCB7CC0 /* [CP] Check Pods Manifest.lock */,
				DB3E20261DFEA89F00B873AB /* Sources */,
				DB3E20271DFEA89F00B873AB /* Frameworks */,
				DB3E20281DFEA89F00B873AB /* Resources */,
				3E80DEC74DFD7C81306AF352 /* [CP] Embed Pods Frameworks */,
				498A396E4D1AEEA25E129DE9 /* [CP] Copy Pods Resources */,
			);
			buildRules = (
			);
			dependencies = (
				DB3E202C1DFEA89F00B873AB /* PBXTargetDependency */,
			);
			name = JLLogEncodingUITests;
			productName = JLLogEncodingUITests;
			productReference = DB3E202A1DFEA89F00B873AB /* JLLogEncodingUITests.xctest */;
			productType = "com.apple.product-type.bundle.ui-testing";
		};
/* End PBXNativeTarget section */

/* Begin PBXProject section */
		DB3E1FFE1DFEA89F00B873AB /* Project object */ = {
			isa = PBXProject;
			attributes = {
				LastUpgradeCheck = 0810;
				ORGANIZATIONNAME = kongfz;
				TargetAttributes = {
					DB3E20051DFEA89F00B873AB = {
						CreatedOnToolsVersion = 8.1;
						ProvisioningStyle = Automatic;
					};
					DB3E201E1DFEA89F00B873AB = {
						CreatedOnToolsVersion = 8.1;
						ProvisioningStyle = Automatic;
						TestTargetID = DB3E20051DFEA89F00B873AB;
					};
					DB3E20291DFEA89F00B873AB = {
						CreatedOnToolsVersion = 8.1;
						ProvisioningStyle = Automatic;
						TestTargetID = DB3E20051DFEA89F00B873AB;
					};
				};
			};
			buildConfigurationList = DB3E20011DFEA89F00B873AB /* Build configuration list for PBXProject "JLLogEncoding" */;
			compatibilityVersion = "Xcode 3.2";
			developmentRegion = English;
			hasScannedForEncodings = 0;
			knownRegions = (
				en,
				Base,
			);
			mainGroup = DB3E1FFD1DFEA89F00B873AB;
			productRefGroup = DB3E20071DFEA89F00B873AB /* Products */;
			projectDirPath = "";
			projectRoot = "";
			targets = (
				DB3E20051DFEA89F00B873AB /* JLLogEncoding */,
				DB3E201E1DFEA89F00B873AB /* JLLogEncodingTests */,
				DB3E20291DFEA89F00B873AB /* JLLogEncodingUITests */,
			);
		};
/* End PBXProject section */

/* Begin PBXResourcesBuildPhase section */
		DB3E20041DFEA89F00B873AB /* Resources */ = {
			isa = PBXResourcesBuildPhase;
			buildActionMask = 2147483647;
			files = (
				DB3E20191DFEA89F00B873AB /* LaunchScreen.storyboard in Resources */,
				DB3E20161DFEA89F00B873AB /* Assets.xcassets in Resources */,
				DB3E20141DFEA89F00B873AB /* Main.storyboard in Resources */,
			);
			runOnlyForDeploymentPostprocessing = 0;
		};
		DB3E201D1DFEA89F00B873AB /* Resources */ = {
			isa = PBXResourcesBuildPhase;
			buildActionMask = 2147483647;
			files = (
			);
			runOnlyForDeploymentPostprocessing = 0;
		};
		DB3E20281DFEA89F00B873AB /* Resources */ = {
			isa = PBXResourcesBuildPhase;
			buildActionMask = 2147483647;
			files = (
			);
			runOnlyForDeploymentPostprocessing = 0;
		};
/* End PBXResourcesBuildPhase section */

/* Begin PBXShellScriptBuildPhase section */
		373140D5D6B34EA2CE6C935F /* [CP] Copy Pods Resources */ = {
			isa = PBXShellScriptBuildPhase;
			buildActionMask = 2147483647;
			files = (
			);
			inputPaths = (
			);
			name = "[CP] Copy Pods Resources";
			outputPaths = (
			);
			runOnlyForDeploymentPostprocessing = 0;
			shellPath = /bin/sh;
			shellScript = "\"${SRCROOT}/Pods/Target Support Files/Pods-JLLogEncodingTests/Pods-JLLogEncodingTests-resources.sh\"\n";
			showEnvVarsInLog = 0;
		};
		3E80DEC74DFD7C81306AF352 /* [CP] Embed Pods Frameworks */ = {
			isa = PBXShellScriptBuildPhase;
			buildActionMask = 2147483647;
			files = (
			);
			inputPaths = (
			);
			name = "[CP] Embed Pods Frameworks";
			outputPaths = (
			);
			runOnlyForDeploymentPostprocessing = 0;
			shellPath = /bin/sh;
			shellScript = "\"${SRCROOT}/Pods/Target Support Files/Pods-JLLogEncodingUITests/Pods-JLLogEncodingUITests-frameworks.sh\"\n";
			showEnvVarsInLog = 0;
		};
		498A396E4D1AEEA25E129DE9 /* [CP] Copy Pods Resources */ = {
			isa = PBXShellScriptBuildPhase;
			buildActionMask = 2147483647;
			files = (
			);
			inputPaths = (
			);
			name = "[CP] Copy Pods Resources";
			outputPaths = (
			);
			runOnlyForDeploymentPostprocessing = 0;
			shellPath = /bin/sh;
			shellScript = "\"${SRCROOT}/Pods/Target Support Files/Pods-JLLogEncodingUITests/Pods-JLLogEncodingUITests-resources.sh\"\n";
			showEnvVarsInLog = 0;
		};
		5545C269FBAB96A24C149679 /* [CP] Embed Pods Frameworks */ = {
			isa = PBXShellScriptBuildPhase;
			buildActionMask = 2147483647;
			files = (
			);
			inputPaths = (
			);
			name = "[CP] Embed Pods Frameworks";
			outputPaths = (
			);
			runOnlyForDeploymentPostprocessing = 0;
			shellPath = /bin/sh;
			shellScript = "\"${SRCROOT}/Pods/Target Support Files/Pods-JLLogEncodingTests/Pods-JLLogEncodingTests-frameworks.sh\"\n";
			showEnvVarsInLog = 0;
		};
		62C18346E8912637EFCB7CC0 /* [CP] Check Pods Manifest.lock */ = {
			isa = PBXShellScriptBuildPhase;
			buildActionMask = 2147483647;
			files = (
			);
			inputPaths = (
			);
			name = "[CP] Check Pods Manifest.lock";
			outputPaths = (
			);
			runOnlyForDeploymentPostprocessing = 0;
			shellPath = /bin/sh;
			shellScript = "diff \"${PODS_ROOT}/../Podfile.lock\" \"${PODS_ROOT}/Manifest.lock\" > /dev/null\nif [ $? != 0 ] ; then\n    # print error to STDERR\n    echo \"error: The sandbox is not in sync with the Podfile.lock. Run 'pod install' or update your CocoaPods installation.\" >&2\n    exit 1\nfi\n";
			showEnvVarsInLog = 0;
		};
		6400935BDA187A677B16E8F4 /* [CP] Copy Pods Resources */ = {
			isa = PBXShellScriptBuildPhase;
			buildActionMask = 2147483647;
			files = (
			);
			inputPaths = (
			);
			name = "[CP] Copy Pods Resources";
			outputPaths = (
			);
			runOnlyForDeploymentPostprocessing = 0;
			shellPath = /bin/sh;
			shellScript = "\"${SRCROOT}/Pods/Target Support Files/Pods-JLLogEncoding/Pods-JLLogEncoding-resources.sh\"\n";
			showEnvVarsInLog = 0;
		};
		9CB0FE062FA009D68E5914CA /* [CP] Check Pods Manifest.lock */ = {
			isa = PBXShellScriptBuildPhase;
			buildActionMask = 2147483647;
			files = (
			);
			inputPaths = (
			);
			name = "[CP] Check Pods Manifest.lock";
			outputPaths = (
			);
			runOnlyForDeploymentPostprocessing = 0;
			shellPath = /bin/sh;
			shellScript = "diff \"${PODS_ROOT}/../Podfile.lock\" \"${PODS_ROOT}/Manifest.lock\" > /dev/null\nif [ $? != 0 ] ; then\n    # print error to STDERR\n    echo \"error: The sandbox is not in sync with the Podfile.lock. Run 'pod install' or update your CocoaPods installation.\" >&2\n    exit 1\nfi\n";
			showEnvVarsInLog = 0;
		};
		C0410393A21EC04B693798CB /* [CP] Embed Pods Frameworks */ = {
			isa = PBXShellScriptBuildPhase;
			buildActionMask = 2147483647;
			files = (
			);
			inputPaths = (
			);
			name = "[CP] Embed Pods Frameworks";
			outputPaths = (
			);
			runOnlyForDeploymentPostprocessing = 0;
			shellPath = /bin/sh;
			shellScript = "\"${SRCROOT}/Pods/Target Support Files/Pods-JLLogEncoding/Pods-JLLogEncoding-frameworks.sh\"\n";
			showEnvVarsInLog = 0;
		};
		FE234662830F390022A8DE03 /* [CP] Check Pods Manifest.lock */ = {
			isa = PBXShellScriptBuildPhase;
			buildActionMask = 2147483647;
			files = (
			);
			inputPaths = (
			);
			name = "[CP] Check Pods Manifest.lock";
			outputPaths = (
			);
			runOnlyForDeploymentPostprocessing = 0;
			shellPath = /bin/sh;
			shellScript = "diff \"${PODS_ROOT}/../Podfile.lock\" \"${PODS_ROOT}/Manifest.lock\" > /dev/null\nif [ $? != 0 ] ; then\n    # print error to STDERR\n    echo \"error: The sandbox is not in sync with the Podfile.lock. Run 'pod install' or update your CocoaPods installation.\" >&2\n    exit 1\nfi\n";
			showEnvVarsInLog = 0;
		};
/* End PBXShellScriptBuildPhase section */

/* Begin PBXSourcesBuildPhase section */
		DB3E20021DFEA89F00B873AB /* Sources */ = {
			isa = PBXSourcesBuildPhase;
			buildActionMask = 2147483647;
			files = (
				DB3E20421DFEB87B00B873AB /* NSArray+extension.m in Sources */,
				DB3E20111DFEA89F00B873AB /* ViewController.m in Sources */,
				DB3E200E1DFEA89F00B873AB /* AppDelegate.m in Sources */,
				DB3E203F1DFEA8BF00B873AB /* NSDictionary+extension.m in Sources */,
				DB3E200B1DFEA89F00B873AB /* main.m in Sources */,
				CE0750E31E824A810040EF1C /* NSObject+logVarMethod.m in Sources */,
			);
			runOnlyForDeploymentPostprocessing = 0;
		};
		DB3E201B1DFEA89F00B873AB /* Sources */ = {
			isa = PBXSourcesBuildPhase;
			buildActionMask = 2147483647;
			files = (
				DB3E20241DFEA89F00B873AB /* JLLogEncodingTests.m in Sources */,
			);
			runOnlyForDeploymentPostprocessing = 0;
		};
		DB3E20261DFEA89F00B873AB /* Sources */ = {
			isa = PBXSourcesBuildPhase;
			buildActionMask = 2147483647;
			files = (
				DB3E202F1DFEA89F00B873AB /* JLLogEncodingUITests.m in Sources */,
			);
			runOnlyForDeploymentPostprocessing = 0;
		};
/* End PBXSourcesBuildPhase section */

/* Begin PBXTargetDependency section */
		DB3E20211DFEA89F00B873AB /* PBXTargetDependency */ = {
			isa = PBXTargetDependency;
			target = DB3E20051DFEA89F00B873AB /* JLLogEncoding */;
			targetProxy = DB3E20201DFEA89F00B873AB /* PBXContainerItemProxy */;
		};
		DB3E202C1DFEA89F00B873AB /* PBXTargetDependency */ = {
			isa = PBXTargetDependency;
			target = DB3E20051DFEA89F00B873AB /* JLLogEncoding */;
			targetProxy = DB3E202B1DFEA89F00B873AB /* PBXContainerItemProxy */;
		};
/* End PBXTargetDependency section */

/* Begin PBXVariantGroup section */
		DB3E20121DFEA89F00B873AB /* Main.storyboard */ = {
			isa = PBXVariantGroup;
			children = (
				DB3E20131DFEA89F00B873AB /* Base */,
			);
			name = Main.storyboard;
			sourceTree = "<group>";
		};
		DB3E20171DFEA89F00B873AB /* LaunchScreen.storyboard */ = {
			isa = PBXVariantGroup;
			children = (
				DB3E20181DFEA89F00B873AB /* Base */,
			);
			name = LaunchScreen.storyboard;
			sourceTree = "<group>";
		};
/* End PBXVariantGroup section */

/* Begin XCBuildConfiguration section */
		DB3E20311DFEA89F00B873AB /* Debug */ = {
			isa = XCBuildConfiguration;
			buildSettings = {
				ALWAYS_SEARCH_USER_PATHS = NO;
				CLANG_ANALYZER_NONNULL = YES;
				CLANG_CXX_LANGUAGE_STANDARD = "gnu++0x";
				CLANG_CXX_LIBRARY = "libc++";
				CLANG_ENABLE_MODULES = YES;
				CLANG_ENABLE_OBJC_ARC = YES;
				CLANG_WARN_BOOL_CONVERSION = YES;
				CLANG_WARN_CONSTANT_CONVERSION = YES;
				CLANG_WARN_DIRECT_OBJC_ISA_USAGE = YES_ERROR;
				CLANG_WARN_DOCUMENTATION_COMMENTS = YES;
				CLANG_WARN_EMPTY_BODY = YES;
				CLANG_WARN_ENUM_CONVERSION = YES;
				CLANG_WARN_INFINITE_RECURSION = YES;
				CLANG_WARN_INT_CONVERSION = YES;
				CLANG_WARN_OBJC_ROOT_CLASS = YES_ERROR;
				CLANG_WARN_SUSPICIOUS_MOVES = YES;
				CLANG_WARN_UNREACHABLE_CODE = YES;
				CLANG_WARN__DUPLICATE_METHOD_MATCH = YES;
				"CODE_SIGN_IDENTITY[sdk=iphoneos*]" = "iPhone Developer";
				COPY_PHASE_STRIP = NO;
				DEBUG_INFORMATION_FORMAT = dwarf;
				ENABLE_STRICT_OBJC_MSGSEND = YES;
				ENABLE_TESTABILITY = YES;
				GCC_C_LANGUAGE_STANDARD = gnu99;
				GCC_DYNAMIC_NO_PIC = NO;
				GCC_NO_COMMON_BLOCKS = YES;
				GCC_OPTIMIZATION_LEVEL = 0;
				GCC_PREPROCESSOR_DEFINITIONS = (
					"DEBUG=1",
					"$(inherited)",
				);
				GCC_WARN_64_TO_32_BIT_CONVERSION = YES;
				GCC_WARN_ABOUT_RETURN_TYPE = YES_ERROR;
				GCC_WARN_UNDECLARED_SELECTOR = YES;
				GCC_WARN_UNINITIALIZED_AUTOS = YES_AGGRESSIVE;
				GCC_WARN_UNUSED_FUNCTION = YES;
				GCC_WARN_UNUSED_VARIABLE = YES;
				IPHONEOS_DEPLOYMENT_TARGET = 10.1;
				MTL_ENABLE_DEBUG_INFO = YES;
				ONLY_ACTIVE_ARCH = YES;
				SDKROOT = iphoneos;
			};
			name = Debug;
		};
		DB3E20321DFEA89F00B873AB /* Release */ = {
			isa = XCBuildConfiguration;
			buildSettings = {
				ALWAYS_SEARCH_USER_PATHS = NO;
				CLANG_ANALYZER_NONNULL = YES;
				CLANG_CXX_LANGUAGE_STANDARD = "gnu++0x";
				CLANG_CXX_LIBRARY = "libc++";
				CLANG_ENABLE_MODULES = YES;
				CLANG_ENABLE_OBJC_ARC = YES;
				CLANG_WARN_BOOL_CONVERSION = YES;
				CLANG_WARN_CONSTANT_CONVERSION = YES;
				CLANG_WARN_DIRECT_OBJC_ISA_USAGE = YES_ERROR;
				CLANG_WARN_DOCUMENTATION_COMMENTS = YES;
				CLANG_WARN_EMPTY_BODY = YES;
				CLANG_WARN_ENUM_CONVERSION = YES;
				CLANG_WARN_INFINITE_RECURSION = YES;
				CLANG_WARN_INT_CONVERSION = YES;
				CLANG_WARN_OBJC_ROOT_CLASS = YES_ERROR;
				CLANG_WARN_SUSPICIOUS_MOVES = YES;
				CLANG_WARN_UNREACHABLE_CODE = YES;
				CLANG_WARN__DUPLICATE_METHOD_MATCH = YES;
				"CODE_SIGN_IDENTITY[sdk=iphoneos*]" = "iPhone Developer";
				COPY_PHASE_STRIP = NO;
				DEBUG_INFORMATION_FORMAT = "dwarf-with-dsym";
				ENABLE_NS_ASSERTIONS = NO;
				ENABLE_STRICT_OBJC_MSGSEND = YES;
				GCC_C_LANGUAGE_STANDARD = gnu99;
				GCC_NO_COMMON_BLOCKS = YES;
				GCC_WARN_64_TO_32_BIT_CONVERSION = YES;
				GCC_WARN_ABOUT_RETURN_TYPE = YES_ERROR;
				GCC_WARN_UNDECLARED_SELECTOR = YES;
				GCC_WARN_UNINITIALIZED_AUTOS = YES_AGGRESSIVE;
				GCC_WARN_UNUSED_FUNCTION = YES;
				GCC_WARN_UNUSED_VARIABLE = YES;
				IPHONEOS_DEPLOYMENT_TARGET = 10.1;
				MTL_ENABLE_DEBUG_INFO = NO;
				SDKROOT = iphoneos;
				VALIDATE_PRODUCT = YES;
			};
			name = Release;
		};
		DB3E20341DFEA89F00B873AB /* Debug */ = {
			isa = XCBuildConfiguration;
			baseConfigurationReference = C4AC1550BCC193C083F55631 /* Pods-JLLogEncoding.debug.xcconfig */;
			buildSettings = {
				ASSETCATALOG_COMPILER_APPICON_NAME = AppIcon;
				INFOPLIST_FILE = JLLogEncoding/Info.plist;
				LD_RUNPATH_SEARCH_PATHS = "$(inherited) @executable_path/Frameworks";
				PRODUCT_BUNDLE_IDENTIFIER = com.kongfz.JLLogEncoding;
				PRODUCT_NAME = "$(TARGET_NAME)";
			};
			name = Debug;
		};
		DB3E20351DFEA89F00B873AB /* Release */ = {
			isa = XCBuildConfiguration;
			baseConfigurationReference = F80C410769FD5BCD7A786058 /* Pods-JLLogEncoding.release.xcconfig */;
			buildSettings = {
				ASSETCATALOG_COMPILER_APPICON_NAME = AppIcon;
				INFOPLIST_FILE = JLLogEncoding/Info.plist;
				LD_RUNPATH_SEARCH_PATHS = "$(inherited) @executable_path/Frameworks";
				PRODUCT_BUNDLE_IDENTIFIER = com.kongfz.JLLogEncoding;
				PRODUCT_NAME = "$(TARGET_NAME)";
			};
			name = Release;
		};
		DB3E20371DFEA89F00B873AB /* Debug */ = {
			isa = XCBuildConfiguration;
			baseConfigurationReference = E492FA3EEE68CA645F4BE209 /* Pods-JLLogEncodingTests.debug.xcconfig */;
			buildSettings = {
				BUNDLE_LOADER = "$(TEST_HOST)";
				INFOPLIST_FILE = JLLogEncodingTests/Info.plist;
				LD_RUNPATH_SEARCH_PATHS = "$(inherited) @executable_path/Frameworks @loader_path/Frameworks";
				PRODUCT_BUNDLE_IDENTIFIER = com.kongfz.JLLogEncodingTests;
				PRODUCT_NAME = "$(TARGET_NAME)";
				TEST_HOST = "$(BUILT_PRODUCTS_DIR)/JLLogEncoding.app/JLLogEncoding";
			};
			name = Debug;
		};
		DB3E20381DFEA89F00B873AB /* Release */ = {
			isa = XCBuildConfiguration;
			baseConfigurationReference = 3E643525F306080BB30C3308 /* Pods-JLLogEncodingTests.release.xcconfig */;
			buildSettings = {
				BUNDLE_LOADER = "$(TEST_HOST)";
				INFOPLIST_FILE = JLLogEncodingTests/Info.plist;
				LD_RUNPATH_SEARCH_PATHS = "$(inherited) @executable_path/Frameworks @loader_path/Frameworks";
				PRODUCT_BUNDLE_IDENTIFIER = com.kongfz.JLLogEncodingTests;
				PRODUCT_NAME = "$(TARGET_NAME)";
				TEST_HOST = "$(BUILT_PRODUCTS_DIR)/JLLogEncoding.app/JLLogEncoding";
			};
			name = Release;
		};
		DB3E203A1DFEA89F00B873AB /* Debug */ = {
			isa = XCBuildConfiguration;
			baseConfigurationReference = 4DF017D246BE1D44B515040E /* Pods-JLLogEncodingUITests.debug.xcconfig */;
			buildSettings = {
				INFOPLIST_FILE = JLLogEncodingUITests/Info.plist;
				LD_RUNPATH_SEARCH_PATHS = "$(inherited) @executable_path/Frameworks @loader_path/Frameworks";
				PRODUCT_BUNDLE_IDENTIFIER = com.kongfz.JLLogEncodingUITests;
				PRODUCT_NAME = "$(TARGET_NAME)";
				TEST_TARGET_NAME = JLLogEncoding;
			};
			name = Debug;
		};
		DB3E203B1DFEA89F00B873AB /* Release */ = {
			isa = XCBuildConfiguration;
			baseConfigurationReference = 17A6F6EADE93B90075C07717 /* Pods-JLLogEncodingUITests.release.xcconfig */;
			buildSettings = {
				INFOPLIST_FILE = JLLogEncodingUITests/Info.plist;
				LD_RUNPATH_SEARCH_PATHS = "$(inherited) @executable_path/Frameworks @loader_path/Frameworks";
				PRODUCT_BUNDLE_IDENTIFIER = com.kongfz.JLLogEncodingUITests;
				PRODUCT_NAME = "$(TARGET_NAME)";
				TEST_TARGET_NAME = JLLogEncoding;
			};
			name = Release;
		};
/* End XCBuildConfiguration section */

/* Begin XCConfigurationList section */
		DB3E20011DFEA89F00B873AB /* Build configuration list for PBXProject "JLLogEncoding" */ = {
			isa = XCConfigurationList;
			buildConfigurations = (
				DB3E20311DFEA89F00B873AB /* Debug */,
				DB3E20321DFEA89F00B873AB /* Release */,
			);
			defaultConfigurationIsVisible = 0;
			defaultConfigurationName = Release;
		};
		DB3E20331DFEA89F00B873AB /* Build configuration list for PBXNativeTarget "JLLogEncoding" */ = {
			isa = XCConfigurationList;
			buildConfigurations = (
				DB3E20341DFEA89F00B873AB /* Debug */,
				DB3E20351DFEA89F00B873AB /* Release */,
			);
			defaultConfigurationIsVisible = 0;
			defaultConfigurationName = Release;
		};
		DB3E20361DFEA89F00B873AB /* Build configuration list for PBXNativeTarget "JLLogEncodingTests" */ = {
			isa = XCConfigurationList;
			buildConfigurations = (
				DB3E20371DFEA89F00B873AB /* Debug */,
				DB3E20381DFEA89F00B873AB /* Release */,
			);
			defaultConfigurationIsVisible = 0;
			defaultConfigurationName = Release;
		};
		DB3E20391DFEA89F00B873AB /* Build configuration list for PBXNativeTarget "JLLogEncodingUITests" */ = {
			isa = XCConfigurationList;
			buildConfigurations = (
				DB3E203A1DFEA89F00B873AB /* Debug */,
				DB3E203B1DFEA89F00B873AB /* Release */,
			);
			defaultConfigurationIsVisible = 0;
			defaultConfigurationName = Release;
		};
/* End XCConfigurationList section */
	};
	rootObject = DB3E1FFE1DFEA89F00B873AB /* Project object */;
}
